
Microsoft Visual Studio Solution File, Format Version 12.00
# Visual Studio 15
VisualStudioVersion = 15.0.27130.2036
MinimumVisualStudioVersion = 10.0.40219.1
Project("{FAE04EC0-301F-11D3-BF4B-00C04F79EFBC}") = "累進稅率", "累進稅率\累進稅率.csproj", "{5B429294-9AB4-4D1B-9D24-C79867657FBD}"
EndProject
Global
	GlobalSection(SolutionConfigurationPlatforms) = preSolution
		Debug|Any CPU = Debug|Any CPU
		Release|Any CPU = Release|Any CPU
	EndGlobalSection
	GlobalSection(ProjectConfigurationPlatforms) = postSolution
		{5B429294-9AB4-4D1B-9D24-C79867657FBD}.Debug|Any CPU.ActiveCfg = Debug|Any CPU
		{5B429294-9AB4-4D1B-9D24-C79867657FBD}.Debug|Any CPU.Build.0 = Debug|Any CPU
		{5B429294-9AB4-4D1B-9D24-C79867657FBD}.Release|Any CPU.ActiveCfg = Release|Any CPU
		{5B429294-9AB4-4D1B-9D24-C79867657FBD}.Release|Any CPU.Build.0 = Release|Any CPU
	EndGlobalSection
	GlobalSection(SolutionProperties) = preSolution
		HideSolutionNode = FALSE
	EndGlobalSection
	GlobalSection(ExtensibilityGlobals) = postSolution
		SolutionGuid = {6642DED7-359B-4A27-9637-C90E196E4E02}
	EndGlobalSection
EndGlobal
